
Microsoft Visual Studio Solution File, Format Version 12.00
# Visual Studio 15
Project("{FAE04EC0-301F-11D3-BF4B-00C04F79EFBC}") = "Lesson002_Task1", "Lesson002_Task1\Lesson002_Task1.csproj", "{5847BA68-28EE-4D91-BE70-66C12B603D36}"
EndProject
Global
	GlobalSection(SolutionConfigurationPlatforms) = preSolution
		Debug|anycpu = Debug|anycpu
		Release|anycpu = Release|anycpu
	EndGlobalSection
	GlobalSection(ProjectConfigurationPlatforms) = postSolution
		{5847BA68-28EE-4D91-BE70-66C12B603D36}.Debug|anycpu.ActiveCfg = Debug|anycpu
		{5847BA68-28EE-4D91-BE70-66C12B603D36}.Debug|anycpu.Build.0 = Debug|anycpu
		{5847BA68-28EE-4D91-BE70-66C12B603D36}.Release|anycpu.ActiveCfg = Release|anycpu
		{5847BA68-28EE-4D91-BE70-66C12B603D36}.Release|anycpu.Build.0 = Release|anycpu
	EndGlobalSection
EndGlobal
